// !$*UTF8*$!
{
	archiveVersion = 1;
	classes = {
	};
	objectVersion = 48;
	objects = {

/* Begin PBXBuildFile section */
		F3D3F5262020D04200782E24 /* AppDelegate.swift in Sources */ = {isa = PBXBuildFile; fileRef = F3D3F5252020D04200782E24 /* AppDelegate.swift */; };
		F3D3F5282020D04200782E24 /* ViewController.swift in Sources */ = {isa = PBXBuildFile; fileRef = F3D3F5272020D04200782E24 /* ViewController.swift */; };
		F3D3F52B2020D04200782E24 /* Main.storyboard in Resources */ = {isa = PBXBuildFile; fileRef = F3D3F5292020D04200782E24 /* Main.storyboard */; };
		F3D3F52D2020D04200782E24 /* Assets.xcassets in Resources */ = {isa = PBXBuildFile; fileRef = F3D3F52C2020D04200782E24 /* Assets.xcassets */; };
		F3D3F5302020D04200782E24 /* LaunchScreen.storyboard in Resources */ = {isa = PBXBuildFile; fileRef = F3D3F52E2020D04200782E24 /* LaunchScreen.storyboard */; };
		F3D3F53B2020D04200782E24 /* flix_demo_1Tests.swift in Sources */ = {isa = PBXBuildFile; fileRef = F3D3F53A2020D04200782E24 /* flix_demo_1Tests.swift */; };
		F3D3F5462020D04200782E24 /* flix_demo_1UITests.swift in Sources */ = {isa = PBXBuildFile; fileRef = F3D3F5452020D04200782E24 /* flix_demo_1UITests.swift */; };
/* End PBXBuildFile section */

/* Begin PBXContainerItemProxy section */
		F3D3F5372020D04200782E24 /* PBXContainerItemProxy */ = {
			isa = PBXContainerItemProxy;
			containerPortal = F3D3F51A2020D04200782E24 /* Project object */;
			proxyType = 1;
			remoteGlobalIDString = F3D3F5212020D04200782E24;
			remoteInfo = flix_demo_1;
		};
		F3D3F5422020D04200782E24 /* PBXContainerItemProxy */ = {
			isa = PBXContainerItemProxy;
			containerPortal = F3D3F51A2020D04200782E24 /* Project object */;
			proxyType = 1;
			remoteGlobalIDString = F3D3F5212020D04200782E24;
			remoteInfo = flix_demo_1;
		};
/* End PBXContainerItemProxy section */

/* Begin PBXFileReference section */
		F3D3F5222020D04200782E24 /* flix_demo_1.app */ = {isa = PBXFileReference; explicitFileType = wrapper.application; includeInIndex = 0; path = flix_demo_1.app; sourceTree = BUILT_PRODUCTS_DIR; };
		F3D3F5252020D04200782E24 /* AppDelegate.swift */ = {isa = PBXFileReference; lastKnownFileType = sourcecode.swift; path = AppDelegate.swift; sourceTree = "<group>"; };
		F3D3F5272020D04200782E24 /* ViewController.swift */ = {isa = PBXFileReference; lastKnownFileType = sourcecode.swift; path = ViewController.swift; sourceTree = "<group>"; };
		F3D3F52A2020D04200782E24 /* Base */ = {isa = PBXFileReference; lastKnownFileType = file.storyboard; name = Base; path = Base.lproj/Main.storyboard; sourceTree = "<group>"; };
		F3D3F52C2020D04200782E24 /* Assets.xcassets */ = {isa = PBXFileReference; lastKnownFileType = folder.assetcatalog; path = Assets.xcassets; sourceTree = "<group>"; };
		F3D3F52F2020D04200782E24 /* Base */ = {isa = PBXFileReference; lastKnownFileType = file.storyboard; name = Base; path = Base.lproj/LaunchScreen.storyboard; sourceTree = "<group>"; };
		F3D3F5312020D04200782E24 /* Info.plist */ = {isa = PBXFileReference; lastKnownFileType = text.plist.xml; path = Info.plist; sourceTree = "<group>"; };
		F3D3F5362020D04200782E24 /* flix_demo_1Tests.xctest */ = {isa = PBXFileReference; explicitFileType = wrapper.cfbundle; includeInIndex = 0; path = flix_demo_1Tests.xctest; sourceTree = BUILT_PRODUCTS_DIR; };
		F3D3F53A2020D04200782E24 /* flix_demo_1Tests.swift */ = {isa = PBXFileReference; lastKnownFileType = sourcecode.swift; path = flix_demo_1Tests.swift; sourceTree = "<group>"; };
		F3D3F53C2020D04200782E24 /* Info.plist */ = {isa = PBXFileReference; lastKnownFileType = text.plist.xml; path = Info.plist; sourceTree = "<group>"; };
		F3D3F5412020D04200782E24 /* flix_demo_1UITests.xctest */ = {isa = PBXFileReference; explicitFileType = wrapper.cfbundle; includeInIndex = 0; path = flix_demo_1UITests.xctest; sourceTree = BUILT_PRODUCTS_DIR; };
		F3D3F5452020D04200782E24 /* flix_demo_1UITests.swift */ = {isa = PBXFileReference; lastKnownFileType = sourcecode.swift; path = flix_demo_1UITests.swift; sourceTree = "<group>"; };
		F3D3F5472020D04200782E24 /* Info.plist */ = {isa = PBXFileReference; lastKnownFileType = text.plist.xml; path = Info.plist; sourceTree = "<group>"; };
/* End PBXFileReference section */

/* Begin PBXFrameworksBuildPhase section */
		F3D3F51F2020D04200782E24 /* Frameworks */ = {
			isa = PBXFrameworksBuildPhase;
			buildActionMask = 2147483647;
			files = (
			);
			runOnlyForDeploymentPostprocessing = 0;
		};
		F3D3F5332020D04200782E24 /* Frameworks */ = {
			isa = PBXFrameworksBuildPhase;
			buildActionMask = 2147483647;
			files = (
			);
			runOnlyForDeploymentPostprocessing = 0;
		};
		F3D3F53E2020D04200782E24 /* Frameworks */ = {
			isa = PBXFrameworksBuildPhase;
			buildActionMask = 2147483647;
			files = (
			);
			runOnlyForDeploymentPostprocessing = 0;
		};
/* End PBXFrameworksBuildPhase section */

/* Begin PBXGroup section */
		F3D3F5192020D04200782E24 = {
			isa = PBXGroup;
			children = (
				F3D3F5242020D04200782E24 /* flix_demo_1 */,
				F3D3F5392020D04200782E24 /* flix_demo_1Tests */,
				F3D3F5442020D04200782E24 /* flix_demo_1UITests */,
				F3D3F5232020D04200782E24 /* Products */,
			);
			sourceTree = "<group>";
		};
		F3D3F5232020D04200782E24 /* Products */ = {
			isa = PBXGroup;
			children = (
				F3D3F5222020D04200782E24 /* flix_demo_1.app */,
				F3D3F5362020D04200782E24 /* flix_demo_1Tests.xctest */,
				F3D3F5412020D04200782E24 /* flix_demo_1UITests.xctest */,
			);
			name = Products;
			sourceTree = "<group>";
		};
		F3D3F5242020D04200782E24 /* flix_demo_1 */ = {
			isa = PBXGroup;
			children = (
				F3D3F5252020D04200782E24 /* AppDelegate.swift */,
				F3D3F5272020D04200782E24 /* ViewController.swift */,
				F3D3F5292020D04200782E24 /* Main.storyboard */,
				F3D3F52C2020D04200782E24 /* Assets.xcassets */,
				F3D3F52E2020D04200782E24 /* LaunchScreen.storyboard */,
				F3D3F5312020D04200782E24 /* Info.plist */,
			);
			path = flix_demo_1;
			sourceTree = "<group>";
		};
		F3D3F5392020D04200782E24 /* flix_demo_1Tests */ = {
			isa = PBXGroup;
			children = (
				F3D3F53A2020D04200782E24 /* flix_demo_1Tests.swift */,
				F3D3F53C2020D04200782E24 /* Info.plist */,
			);
			path = flix_demo_1Tests;
			sourceTree = "<group>";
		};
		F3D3F5442020D04200782E24 /* flix_demo_1UITests */ = {
			isa = PBXGroup;
			children = (
				F3D3F5452020D04200782E24 /* flix_demo_1UITests.swift */,
				F3D3F5472020D04200782E24 /* Info.plist */,
			);
			path = flix_demo_1UITests;
			sourceTree = "<group>";
		};
/* End PBXGroup section */

/* Begin PBXNativeTarget section */
		F3D3F5212020D04200782E24 /* flix_demo_1 */ = {
			isa = PBXNativeTarget;
			buildConfigurationList = F3D3F54A2020D04300782E24 /* Build configuration list for PBXNativeTarget "flix_demo_1" */;
			buildPhases = (
				F3D3F51E2020D04200782E24 /* Sources */,
				F3D3F51F2020D04200782E24 /* Frameworks */,
				F3D3F5202020D04200782E24 /* Resources */,
			);
			buildRules = (
			);
			dependencies = (
			);
			name = flix_demo_1;
			productName = flix_demo_1;
			productReference = F3D3F5222020D04200782E24 /* flix_demo_1.app */;
			productType = "com.apple.product-type.application";
		};
		F3D3F5352020D04200782E24 /* flix_demo_1Tests */ = {
			isa = PBXNativeTarget;
			buildConfigurationList = F3D3F54D2020D04300782E24 /* Build configuration list for PBXNativeTarget "flix_demo_1Tests" */;
			buildPhases = (
				F3D3F5322020D04200782E24 /* Sources */,
				F3D3F5332020D04200782E24 /* Frameworks */,
				F3D3F5342020D04200782E24 /* Resources */,
			);
			buildRules = (
			);
			dependencies = (
				F3D3F5382020D04200782E24 /* PBXTargetDependency */,
			);
			name = flix_demo_1Tests;
			productName = flix_demo_1Tests;
			productReference = F3D3F5362020D04200782E24 /* flix_demo_1Tests.xctest */;
			productType = "com.apple.product-type.bundle.unit-test";
		};
		F3D3F5402020D04200782E24 /* flix_demo_1UITests */ = {
			isa = PBXNativeTarget;
			buildConfigurationList = F3D3F5502020D04300782E24 /* Build configuration list for PBXNativeTarget "flix_demo_1UITests" */;
			buildPhases = (
				F3D3F53D2020D04200782E24 /* Sources */,
				F3D3F53E2020D04200782E24 /* Frameworks */,
				F3D3F53F2020D04200782E24 /* Resources */,
			);
			buildRules = (
			);
			dependencies = (
				F3D3F5432020D04200782E24 /* PBXTargetDependency */,
			);
			name = flix_demo_1UITests;
			productName = flix_demo_1UITests;
			productReference = F3D3F5412020D04200782E24 /* flix_demo_1UITests.xctest */;
			productType = "com.apple.product-type.bundle.ui-testing";
		};
/* End PBXNativeTarget section */

/* Begin PBXProject section */
		F3D3F51A2020D04200782E24 /* Project object */ = {
			isa = PBXProject;
			attributes = {
				LastSwiftUpdateCheck = 0920;
				LastUpgradeCheck = 0920;
				ORGANIZATIONNAME = Sparrow;
				TargetAttributes = {
					F3D3F5212020D04200782E24 = {
						CreatedOnToolsVersion = 9.2;
						ProvisioningStyle = Automatic;
					};
					F3D3F5352020D04200782E24 = {
						CreatedOnToolsVersion = 9.2;
						ProvisioningStyle = Automatic;
						TestTargetID = F3D3F5212020D04200782E24;
					};
					F3D3F5402020D04200782E24 = {
						CreatedOnToolsVersion = 9.2;
						ProvisioningStyle = Automatic;
						TestTargetID = F3D3F5212020D04200782E24;
					};
				};
			};
			buildConfigurationList = F3D3F51D2020D04200782E24 /* Build configuration list for PBXProject "flix_demo_1" */;
			compatibilityVersion = "Xcode 8.0";
			developmentRegion = en;
			hasScannedForEncodings = 0;
			knownRegions = (
				en,
				Base,
			);
			mainGroup = F3D3F5192020D04200782E24;
			productRefGroup = F3D3F5232020D04200782E24 /* Products */;
			projectDirPath = "";
			projectRoot = "";
			targets = (
				F3D3F5212020D04200782E24 /* flix_demo_1 */,
				F3D3F5352020D04200782E24 /* flix_demo_1Tests */,
				F3D3F5402020D04200782E24 /* flix_demo_1UITests */,
			);
		};
/* End PBXProject section */

/* Begin PBXResourcesBuildPhase section */
		F3D3F5202020D04200782E24 /* Resources */ = {
			isa = PBXResourcesBuildPhase;
			buildActionMask = 2147483647;
			files = (
				F3D3F5302020D04200782E24 /* LaunchScreen.storyboard in Resources */,
				F3D3F52D2020D04200782E24 /* Assets.xcassets in Resources */,
				F3D3F52B2020D04200782E24 /* Main.storyboard in Resources */,
			);
			runOnlyForDeploymentPostprocessing = 0;
		};
		F3D3F5342020D04200782E24 /* Resources */ = {
			isa = PBXResourcesBuildPhase;
			buildActionMask = 2147483647;
			files = (
			);
			runOnlyForDeploymentPostprocessing = 0;
		};
		F3D3F53F2020D04200782E24 /* Resources */ = {
			isa = PBXResourcesBuildPhase;
			buildActionMask = 2147483647;
			files = (
			);
			runOnlyForDeploymentPostprocessing = 0;
		};
/* End PBXResourcesBuildPhase section */

/* Begin PBXSourcesBuildPhase section */
		F3D3F51E2020D04200782E24 /* Sources */ = {
			isa = PBXSourcesBuildPhase;
			buildActionMask = 2147483647;
			files = (
				F3D3F5282020D04200782E24 /* ViewController.swift in Sources */,
				F3D3F5262020D04200782E24 /* AppDelegate.swift in Sources */,
			);
			runOnlyForDeploymentPostprocessing = 0;
		};
		F3D3F5322020D04200782E24 /* Sources */ = {
			isa = PBXSourcesBuildPhase;
			buildActionMask = 2147483647;
			files = (
				F3D3F53B2020D04200782E24 /* flix_demo_1Tests.swift in Sources */,
			);
			runOnlyForDeploymentPostprocessing = 0;
		};
		F3D3F53D2020D04200782E24 /* Sources */ = {
			isa = PBXSourcesBuildPhase;
			buildActionMask = 2147483647;
			files = (
				F3D3F5462020D04200782E24 /* flix_demo_1UITests.swift in Sources */,
			);
			runOnlyForDeploymentPostprocessing = 0;
		};
/* End PBXSourcesBuildPhase section */

/* Begin PBXTargetDependency section */
		F3D3F5382020D04200782E24 /* PBXTargetDependency */ = {
			isa = PBXTargetDependency;
			target = F3D3F5212020D04200782E24 /* flix_demo_1 */;
			targetProxy = F3D3F5372020D04200782E24 /* PBXContainerItemProxy */;
		};
		F3D3F5432020D04200782E24 /* PBXTargetDependency */ = {
			isa = PBXTargetDependency;
			target = F3D3F5212020D04200782E24 /* flix_demo_1 */;
			targetProxy = F3D3F5422020D04200782E24 /* PBXContainerItemProxy */;
		};
/* End PBXTargetDependency section */

/* Begin PBXVariantGroup section */
		F3D3F5292020D04200782E24 /* Main.storyboard */ = {
			isa = PBXVariantGroup;
			children = (
				F3D3F52A2020D04200782E24 /* Base */,
			);
			name = Main.storyboard;
			sourceTree = "<group>";
		};
		F3D3F52E2020D04200782E24 /* LaunchScreen.storyboard */ = {
			isa = PBXVariantGroup;
			children = (
				F3D3F52F2020D04200782E24 /* Base */,
			);
			name = LaunchScreen.storyboard;
			sourceTree = "<group>";
		};
/* End PBXVariantGroup section */

/* Begin XCBuildConfiguration section */
		F3D3F5482020D04200782E24 /* Debug */ = {
			isa = XCBuildConfiguration;
			buildSettings = {
				ALWAYS_SEARCH_USER_PATHS = NO;
				CLANG_ANALYZER_NONNULL = YES;
				CLANG_ANALYZER_NUMBER_OBJECT_CONVERSION = YES_AGGRESSIVE;
				CLANG_CXX_LANGUAGE_STANDARD = "gnu++14";
				CLANG_CXX_LIBRARY = "libc++";
				CLANG_ENABLE_MODULES = YES;
				CLANG_ENABLE_OBJC_ARC = YES;
				CLANG_WARN_BLOCK_CAPTURE_AUTORELEASING = YES;
				CLANG_WARN_BOOL_CONVERSION = YES;
				CLANG_WARN_COMMA = YES;
				CLANG_WARN_CONSTANT_CONVERSION = YES;
				CLANG_WARN_DIRECT_OBJC_ISA_USAGE = YES_ERROR;
				CLANG_WARN_DOCUMENTATION_COMMENTS = YES;
				CLANG_WARN_EMPTY_BODY = YES;
				CLANG_WARN_ENUM_CONVERSION = YES;
				CLANG_WARN_INFINITE_RECURSION = YES;
				CLANG_WARN_INT_CONVERSION = YES;
				CLANG_WARN_NON_LITERAL_NULL_CONVERSION = YES;
				CLANG_WARN_OBJC_LITERAL_CONVERSION = YES;
				CLANG_WARN_OBJC_ROOT_CLASS = YES_ERROR;
				CLANG_WARN_RANGE_LOOP_ANALYSIS = YES;
				CLANG_WARN_STRICT_PROTOTYPES = YES;
				CLANG_WARN_SUSPICIOUS_MOVE = YES;
				CLANG_WARN_UNGUARDED_AVAILABILITY = YES_AGGRESSIVE;
				CLANG_WARN_UNREACHABLE_CODE = YES;
				CLANG_WARN__DUPLICATE_METHOD_MATCH = YES;
				CODE_SIGN_IDENTITY = "iPhone Developer";
				COPY_PHASE_STRIP = NO;
				DEBUG_INFORMATION_FORMAT = dwarf;
				ENABLE_STRICT_OBJC_MSGSEND = YES;
				ENABLE_TESTABILITY = YES;
				GCC_C_LANGUAGE_STANDARD = gnu11;
				GCC_DYNAMIC_NO_PIC = NO;
				GCC_NO_COMMON_BLOCKS = YES;
				GCC_OPTIMIZATION_LEVEL = 0;
				GCC_PREPROCESSOR_DEFINITIONS = (
					"DEBUG=1",
					"$(inherited)",
				);
				GCC_WARN_64_TO_32_BIT_CONVERSION = YES;
				GCC_WARN_ABOUT_RETURN_TYPE = YES_ERROR;
				GCC_WARN_UNDECLARED_SELECTOR = YES;
				GCC_WARN_UNINITIALIZED_AUTOS = YES_AGGRESSIVE;
				GCC_WARN_UNUSED_FUNCTION = YES;
				GCC_WARN_UNUSED_VARIABLE = YES;
				IPHONEOS_DEPLOYMENT_TARGET = 11.2;
				MTL_ENABLE_DEBUG_INFO = YES;
				ONLY_ACTIVE_ARCH = YES;
				SDKROOT = iphoneos;
				SWIFT_ACTIVE_COMPILATION_CONDITIONS = DEBUG;
				SWIFT_OPTIMIZATION_LEVEL = "-Onone";
			};
			name = Debug;
		};
		F3D3F5492020D04200782E24 /* Release */ = {
			isa = XCBuildConfiguration;
			buildSettings = {
				ALWAYS_SEARCH_USER_PATHS = NO;
				CLANG_ANALYZER_NONNULL = YES;
				CLANG_ANALYZER_NUMBER_OBJECT_CONVERSION = YES_AGGRESSIVE;
				CLANG_CXX_LANGUAGE_STANDARD = "gnu++14";
				CLANG_CXX_LIBRARY = "libc++";
				CLANG_ENABLE_MODULES = YES;
				CLANG_ENABLE_OBJC_ARC = YES;
				CLANG_WARN_BLOCK_CAPTURE_AUTORELEASING = YES;
				CLANG_WARN_BOOL_CONVERSION = YES;
				CLANG_WARN_COMMA = YES;
				CLANG_WARN_CONSTANT_CONVERSION = YES;
				CLANG_WARN_DIRECT_OBJC_ISA_USAGE = YES_ERROR;
				CLANG_WARN_DOCUMENTATION_COMMENTS = YES;
				CLANG_WARN_EMPTY_BODY = YES;
				CLANG_WARN_ENUM_CONVERSION = YES;
				CLANG_WARN_INFINITE_RECURSION = YES;
				CLANG_WARN_INT_CONVERSION = YES;
				CLANG_WARN_NON_LITERAL_NULL_CONVERSION = YES;
				CLANG_WARN_OBJC_LITERAL_CONVERSION = YES;
				CLANG_WARN_OBJC_ROOT_CLASS = YES_ERROR;
				CLANG_WARN_RANGE_LOOP_ANALYSIS = YES;
				CLANG_WARN_STRICT_PROTOTYPES = YES;
				CLANG_WARN_SUSPICIOUS_MOVE = YES;
				CLANG_WARN_UNGUARDED_AVAILABILITY = YES_AGGRESSIVE;
				CLANG_WARN_UNREACHABLE_CODE = YES;
				CLANG_WARN__DUPLICATE_METHOD_MATCH = YES;
				CODE_SIGN_IDENTITY = "iPhone Developer";
				COPY_PHASE_STRIP = NO;
				DEBUG_INFORMATION_FORMAT = "dwarf-with-dsym";
				ENABLE_NS_ASSERTIONS = NO;
				ENABLE_STRICT_OBJC_MSGSEND = YES;
				GCC_C_LANGUAGE_STANDARD = gnu11;
				GCC_NO_COMMON_BLOCKS = YES;
				GCC_WARN_64_TO_32_BIT_CONVERSION = YES;
				GCC_WARN_ABOUT_RETURN_TYPE = YES_ERROR;
				GCC_WARN_UNDECLARED_SELECTOR = YES;
				GCC_WARN_UNINITIALIZED_AUTOS = YES_AGGRESSIVE;
				GCC_WARN_UNUSED_FUNCTION = YES;
				GCC_WARN_UNUSED_VARIABLE = YES;
				IPHONEOS_DEPLOYMENT_TARGET = 11.2;
				MTL_ENABLE_DEBUG_INFO = NO;
				SDKROOT = iphoneos;
				SWIFT_OPTIMIZATION_LEVEL = "-Owholemodule";
				VALIDATE_PRODUCT = YES;
			};
			name = Release;
		};
		F3D3F54B2020D04300782E24 /* Debug */ = {
			isa = XCBuildConfiguration;
			buildSettings = {
				ASSETCATALOG_COMPILER_APPICON_NAME = AppIcon;
				CODE_SIGN_STYLE = Automatic;
				INFOPLIST_FILE = flix_demo_1/Info.plist;
				LD_RUNPATH_SEARCH_PATHS = "$(inherited) @executable_path/Frameworks";
				PRODUCT_BUNDLE_IDENTIFIER = "com.codepath.flix-demo-1";
				PRODUCT_NAME = "$(TARGET_NAME)";
				SWIFT_VERSION = 4.0;
				TARGETED_DEVICE_FAMILY = "1,2";
			};
			name = Debug;
		};
		F3D3F54C2020D04300782E24 /* Release */ = {
			isa = XCBuildConfiguration;
			buildSettings = {
				ASSETCATALOG_COMPILER_APPICON_NAME = AppIcon;
				CODE_SIGN_STYLE = Automatic;
				INFOPLIST_FILE = flix_demo_1/Info.plist;
				LD_RUNPATH_SEARCH_PATHS = "$(inherited) @executable_path/Frameworks";
				PRODUCT_BUNDLE_IDENTIFIER = "com.codepath.flix-demo-1";
				PRODUCT_NAME = "$(TARGET_NAME)";
				SWIFT_VERSION = 4.0;
				TARGETED_DEVICE_FAMILY = "1,2";
			};
			name = Release;
		};
		F3D3F54E2020D04300782E24 /* Debug */ = {
			isa = XCBuildConfiguration;
			buildSettings = {
				ALWAYS_EMBED_SWIFT_STANDARD_LIBRARIES = YES;
				BUNDLE_LOADER = "$(TEST_HOST)";
				CODE_SIGN_STYLE = Automatic;
				INFOPLIST_FILE = flix_demo_1Tests/Info.plist;
				LD_RUNPATH_SEARCH_PATHS = "$(inherited) @executable_path/Frameworks @loader_path/Frameworks";
				PRODUCT_BUNDLE_IDENTIFIER = "com.codepath.flix-demo-1Tests";
				PRODUCT_NAME = "$(TARGET_NAME)";
				SWIFT_VERSION = 4.0;
				TARGETED_DEVICE_FAMILY = "1,2";
				TEST_HOST = "$(BUILT_PRODUCTS_DIR)/flix_demo_1.app/flix_demo_1";
			};
			name = Debug;
		};
		F3D3F54F2020D04300782E24 /* Release */ = {
			isa = XCBuildConfiguration;
			buildSettings = {
				ALWAYS_EMBED_SWIFT_STANDARD_LIBRARIES = YES;
				BUNDLE_LOADER = "$(TEST_HOST)";
				CODE_SIGN_STYLE = Automatic;
				INFOPLIST_FILE = flix_demo_1Tests/Info.plist;
				LD_RUNPATH_SEARCH_PATHS = "$(inherited) @executable_path/Frameworks @loader_path/Frameworks";
				PRODUCT_BUNDLE_IDENTIFIER = "com.codepath.flix-demo-1Tests";
				PRODUCT_NAME = "$(TARGET_NAME)";
				SWIFT_VERSION = 4.0;
				TARGETED_DEVICE_FAMILY = "1,2";
				TEST_HOST = "$(BUILT_PRODUCTS_DIR)/flix_demo_1.app/flix_demo_1";
			};
			name = Release;
		};
		F3D3F5512020D04300782E24 /* Debug */ = {
			isa = XCBuildConfiguration;
			buildSettings = {
				ALWAYS_EMBED_SWIFT_STANDARD_LIBRARIES = YES;
				CODE_SIGN_STYLE = Automatic;
				INFOPLIST_FILE = flix_demo_1UITests/Info.plist;
				LD_RUNPATH_SEARCH_PATHS = "$(inherited) @executable_path/Frameworks @loader_path/Frameworks";
				PRODUCT_BUNDLE_IDENTIFIER = "com.codepath.flix-demo-1UITests";
				PRODUCT_NAME = "$(TARGET_NAME)";
				SWIFT_VERSION = 4.0;
				TARGETED_DEVICE_FAMILY = "1,2";
				TEST_TARGET_NAME = flix_demo_1;
			};
			name = Debug;
		};
		F3D3F5522020D04300782E24 /* Release */ = {
			isa = XCBuildConfiguration;
			buildSettings = {
				ALWAYS_EMBED_SWIFT_STANDARD_LIBRARIES = YES;
				CODE_SIGN_STYLE = Automatic;
				INFOPLIST_FILE = flix_demo_1UITests/Info.plist;
				LD_RUNPATH_SEARCH_PATHS = "$(inherited) @executable_path/Frameworks @loader_path/Frameworks";
				PRODUCT_BUNDLE_IDENTIFIER = "com.codepath.flix-demo-1UITests";
				PRODUCT_NAME = "$(TARGET_NAME)";
				SWIFT_VERSION = 4.0;
				TARGETED_DEVICE_FAMILY = "1,2";
				TEST_TARGET_NAME = flix_demo_1;
			};
			name = Release;
		};
/* End XCBuildConfiguration section */

/* Begin XCConfigurationList section */
		F3D3F51D2020D04200782E24 /* Build configuration list for PBXProject "flix_demo_1" */ = {
			isa = XCConfigurationList;
			buildConfigurations = (
				F3D3F5482020D04200782E24 /* Debug */,
				F3D3F5492020D04200782E24 /* Release */,
			);
			defaultConfigurationIsVisible = 0;
			defaultConfigurationName = Release;
		};
		F3D3F54A2020D04300782E24 /* Build configuration list for PBXNativeTarget "flix_demo_1" */ = {
			isa = XCConfigurationList;
			buildConfigurations = (
				F3D3F54B2020D04300782E24 /* Debug */,
				F3D3F54C2020D04300782E24 /* Release */,
			);
			defaultConfigurationIsVisible = 0;
			defaultConfigurationName = Release;
		};
		F3D3F54D2020D04300782E24 /* Build configuration list for PBXNativeTarget "flix_demo_1Tests" */ = {
			isa = XCConfigurationList;
			buildConfigurations = (
				F3D3F54E2020D04300782E24 /* Debug */,
				F3D3F54F2020D04300782E24 /* Release */,
			);
			defaultConfigurationIsVisible = 0;
			defaultConfigurationName = Release;
		};
		F3D3F5502020D04300782E24 /* Build configuration list for PBXNativeTarget "flix_demo_1UITests" */ = {
			isa = XCConfigurationList;
			buildConfigurations = (
				F3D3F5512020D04300782E24 /* Debug */,
				F3D3F5522020D04300782E24 /* Release */,
			);
			defaultConfigurationIsVisible = 0;
			defaultConfigurationName = Release;
		};
/* End XCConfigurationList section */
	};
	rootObject = F3D3F51A2020D04200782E24 /* Project object */;
}
